// !$*UTF8*$!
{
	archiveVersion = 1;
	classes = {
	};
	objectVersion = 110;
	objects = {

/* Begin PBXContainerItemProxy section */
		45D6F37C3040E934007567F3 /* PBXContainerItemProxy */ = {
			isa = PBXContainerItemProxy;
			containerPortal = 45657B823040E89E0035E459 /* Project object */;
			proxyType = 1;
			remoteGlobalIDString = 45657BAF3040E89F0035E459;
			remoteInfo = "Wasteland Survivors macOS";
		};
/* End PBXContainerItemProxy section */

/* Begin PBXFileReference section */
		45657B8F3040E89F0035E459 /* Wasteland Survivors.app */ = {isa = PBXFileReference; explicitFileType = wrapper.application; includeInIndex = 0; path = "Wasteland Survivors.app"; sourceTree = BUILT_PRODUCTS_DIR; };
		45657BA03040E89F0035E459 /* Wasteland Survivors.app */ = {isa = PBXFileReference; explicitFileType = wrapper.application; includeInIndex = 0; path = "Wasteland Survivors.app"; sourceTree = BUILT_PRODUCTS_DIR; };
		45657BB03040E89F0035E459 /* Wasteland Survivors.app */ = {isa = PBXFileReference; explicitFileType = wrapper.application; includeInIndex = 0; path = "Wasteland Survivors.app"; sourceTree = BUILT_PRODUCTS_DIR; };
		45D6F3783040E934007567F3 /* Wasteland SurvivorsTests.xctest */ = {isa = PBXFileReference; explicitFileType = wrapper.cfbundle; includeInIndex = 0; path = "Wasteland SurvivorsTests.xctest"; sourceTree = BUILT_PRODUCTS_DIR; };
/* End PBXFileReference section */

/* Begin PBXFileSystemSynchronizedBuildFileExceptionSet section */
		45657BC93040E89F0035E459 /* Exceptions for "Wasteland Survivors iOS" folder in "Wasteland Survivors iOS" target */ = {
			isa = PBXFileSystemSynchronizedBuildFileExceptionSet;
			membershipExceptions = (
				Info.plist,
			);
			target = 45657B8E3040E89F0035E459 /* Wasteland Survivors iOS */;
		};
		45657BCE3040E89F0035E459 /* Exceptions for "Wasteland Survivors tvOS" folder in "Wasteland Survivors tvOS" target */ = {
			isa = PBXFileSystemSynchronizedBuildFileExceptionSet;
			membershipExceptions = (
				Info.plist,
			);
			target = 45657B9F3040E89F0035E459 /* Wasteland Survivors tvOS */;
		};
		45D06C72304257070094FFA6 /* Exceptions for "Wasteland Survivors macOS" folder in "Wasteland Survivors macOS" target */ = {
			isa = PBXFileSystemSynchronizedBuildFileExceptionSet;
			membershipExceptions = (
				"Wasteland-Survivors-macOS-Info.plist",
			);
			target = 45657BAF3040E89F0035E459 /* Wasteland Survivors macOS */;
		};
/* End PBXFileSystemSynchronizedBuildFileExceptionSet section */

/* Begin PBXFileSystemSynchronizedRootGroup section */
		45657B863040E89E0035E459 /* Wasteland Survivors Shared */ = {
			isa = PBXFileSystemSynchronizedRootGroup;
			path = "Wasteland Survivors Shared";
			sourceTree = "<group>";
		};
		45657B913040E89F0035E459 /* Wasteland Survivors iOS */ = {
			isa = PBXFileSystemSynchronizedRootGroup;
			exceptions = (
				45657BC93040E89F0035E459 /* Exceptions for "Wasteland Survivors iOS" folder in "Wasteland Survivors iOS" target */,
			);
			path = "Wasteland Survivors iOS";
			sourceTree = "<group>";
		};
		45657BA13040E89F0035E459 /* Wasteland Survivors tvOS */ = {
			isa = PBXFileSystemSynchronizedRootGroup;
			exceptions = (
				45657BCE3040E89F0035E459 /* Exceptions for "Wasteland Survivors tvOS" folder in "Wasteland Survivors tvOS" target */,
			);
			path = "Wasteland Survivors tvOS";
			sourceTree = "<group>";
		};
		45657BB13040E89F0035E459 /* Wasteland Survivors macOS */ = {
			isa = PBXFileSystemSynchronizedRootGroup;
			exceptions = (
				45D06C72304257070094FFA6 /* Exceptions for "Wasteland Survivors macOS" folder in "Wasteland Survivors macOS" target */,
			);
			path = "Wasteland Survivors macOS";
			sourceTree = "<group>";
		};
		45D6F3793040E934007567F3 /* Wasteland SurvivorsTests */ = {
			isa = PBXFileSystemSynchronizedRootGroup;
			path = "Wasteland SurvivorsTests";
			sourceTree = "<group>";
		};
/* End PBXFileSystemSynchronizedRootGroup section */

/* Begin PBXFrameworksBuildPhase section */
		45657B8C3040E89F0035E459 /* Frameworks */ = {
			isa = PBXFrameworksBuildPhase;
			files = (
			);
		};
		45657B9D3040E89F0035E459 /* Frameworks */ = {
			isa = PBXFrameworksBuildPhase;
			files = (
			);
		};
		45657BAD3040E89F0035E459 /* Frameworks */ = {
			isa = PBXFrameworksBuildPhase;
			files = (
			);
		};
		45D6F3753040E934007567F3 /* Frameworks */ = {
			isa = PBXFrameworksBuildPhase;
			files = (
			);
		};
/* End PBXFrameworksBuildPhase section */

/* Begin PBXGroup section */
		45657B813040E89E0035E459 = {
			isa = PBXGroup;
			children = (
				45657B863040E89E0035E459 /* Wasteland Survivors Shared */,
				45657B913040E89F0035E459 /* Wasteland Survivors iOS */,
				45657BA13040E89F0035E459 /* Wasteland Survivors tvOS */,
				45657BB13040E89F0035E459 /* Wasteland Survivors macOS */,
				45D6F3793040E934007567F3 /* Wasteland SurvivorsTests */,
				45657B903040E89F0035E459 /* Products */,
			);
			sourceTree = "<group>";
		};
		45657B903040E89F0035E459 /* Products */ = {
			isa = PBXGroup;
			children = (
				45657B8F3040E89F0035E459 /* Wasteland Survivors.app */,
				45657BA03040E89F0035E459 /* Wasteland Survivors.app */,
				45657BB03040E89F0035E459 /* Wasteland Survivors.app */,
				45D6F3783040E934007567F3 /* Wasteland SurvivorsTests.xctest */,
			);
			name = Products;
			sourceTree = "<group>";
		};
/* End PBXGroup section */

/* Begin PBXNativeTarget section */
		45657B8E3040E89F0035E459 /* Wasteland Survivors iOS */ = {
			isa = PBXNativeTarget;
			buildConfigurationList = 45657BC63040E89F0035E459 /* Build configuration list for PBXNativeTarget "Wasteland Survivors iOS" */;
			buildPhases = (
				45657B8B3040E89F0035E459 /* Sources */,
				45657B8C3040E89F0035E459 /* Frameworks */,
				45657B8D3040E89F0035E459 /* Resources */,
			);
			buildRules = (
			);
			fileSystemSynchronizedGroups = (
				45657B863040E89E0035E459 /* Wasteland Survivors Shared */,
				45657B913040E89F0035E459 /* Wasteland Survivors iOS */,
			);
			name = "Wasteland Survivors iOS";
			productName = "Wasteland Survivors iOS";
			productReference = 45657B8F3040E89F0035E459 /* Wasteland Survivors.app */;
			productType = "com.apple.product-type.application";
		};
		45657B9F3040E89F0035E459 /* Wasteland Survivors tvOS */ = {
			isa = PBXNativeTarget;
			buildConfigurationList = 45657BCB3040E89F0035E459 /* Build configuration list for PBXNativeTarget "Wasteland Survivors tvOS" */;
			buildPhases = (
				45657B9C3040E89F0035E459 /* Sources */,
				45657B9D3040E89F0035E459 /* Frameworks */,
				45657B9E3040E89F0035E459 /* Resources */,
			);
			buildRules = (
			);
			fileSystemSynchronizedGroups = (
				45657B863040E89E0035E459 /* Wasteland Survivors Shared */,
				45657BA13040E89F0035E459 /* Wasteland Survivors tvOS */,
			);
			name = "Wasteland Survivors tvOS";
			productName = "Wasteland Survivors tvOS";
			productReference = 45657BA03040E89F0035E459 /* Wasteland Survivors.app */;
			productType = "com.apple.product-type.application";
		};
		45657BAF3040E89F0035E459 /* Wasteland Survivors macOS */ = {
			isa = PBXNativeTarget;
			buildConfigurationList = 45657BD03040E89F0035E459 /* Build configuration list for PBXNativeTarget "Wasteland Survivors macOS" */;
			buildPhases = (
				45657BAC3040E89F0035E459 /* Sources */,
				45657BAD3040E89F0035E459 /* Frameworks */,
				45657BAE3040E89F0035E459 /* Resources */,
			);
			buildRules = (
			);
			fileSystemSynchronizedGroups = (
				45657B863040E89E0035E459 /* Wasteland Survivors Shared */,
				45657BB13040E89F0035E459 /* Wasteland Survivors macOS */,
			);
			name = "Wasteland Survivors macOS";
			productName = "Wasteland Survivors macOS";
			productReference = 45657BB03040E89F0035E459 /* Wasteland Survivors.app */;
			productType = "com.apple.product-type.application";
		};
		45D6F3773040E934007567F3 /* Wasteland SurvivorsTests */ = {
			isa = PBXNativeTarget;
			buildConfigurationList = 45D6F37E3040E934007567F3 /* Build configuration list for PBXNativeTarget "Wasteland SurvivorsTests" */;
			buildPhases = (
				45D6F3743040E934007567F3 /* Sources */,
				45D6F3753040E934007567F3 /* Frameworks */,
				45D6F3763040E934007567F3 /* Resources */,
			);
			buildRules = (
			);
			dependencies = (
				45D6F37D3040E934007567F3 /* PBXTargetDependency */,
			);
			fileSystemSynchronizedGroups = (
				45657B863040E89E0035E459 /* Wasteland Survivors Shared */,
				45D6F3793040E934007567F3 /* Wasteland SurvivorsTests */,
			);
			name = "Wasteland SurvivorsTests";
			productName = "Wasteland SurvivorsTests";
			productReference = 45D6F3783040E934007567F3 /* Wasteland SurvivorsTests.xctest */;
			productType = "com.apple.product-type.bundle.unit-test";
		};
/* End PBXNativeTarget section */

/* Begin PBXProject section */
		45657B823040E89E0035E459 /* Project object */ = {
			isa = PBXProject;
			attributes = {
				BuildIndependentTargetsInParallel = 1;
				LastSwiftUpdateCheck = 2700;
				LastUpgradeCheck = 2700;
				TargetAttributes = {
					45657B8E3040E89F0035E459 = {
						CreatedOnToolsVersion = 27.0;
					};
					45657B9F3040E89F0035E459 = {
						CreatedOnToolsVersion = 27.0;
					};
					45657BAF3040E89F0035E459 = {
						CreatedOnToolsVersion = 27.0;
					};
					45D6F3773040E934007567F3 = {
						CreatedOnToolsVersion = 27.0;
					};
				};
			};
			buildConfigurationList = 45657B853040E89E0035E459 /* Build configuration list for PBXProject "Wasteland Survivors" */;
			developmentRegion = en;
			hasScannedForEncodings = 0;
			knownRegions = (
				en,
				Base,
			);
			mainGroup = 45657B813040E89E0035E459;
			minimizedProjectReferenceProxies = 1;
			preferredProjectObjectVersion = 100;
			productRefGroup = 45657B903040E89F0035E459 /* Products */;
			projectDirPath = "";
			projectRoot = "";
			targets = (
				45657B8E3040E89F0035E459 /* Wasteland Survivors iOS */,
				45657B9F3040E89F0035E459 /* Wasteland Survivors tvOS */,
				45657BAF3040E89F0035E459 /* Wasteland Survivors macOS */,
				45D6F3773040E934007567F3 /* Wasteland SurvivorsTests */,
			);
		};
/* End PBXProject section */

/* Begin PBXResourcesBuildPhase section */
		45657B8D3040E89F0035E459 /* Resources */ = {
			isa = PBXResourcesBuildPhase;
			files = (
			);
		};
		45657B9E3040E89F0035E459 /* Resources */ = {
			isa = PBXResourcesBuildPhase;
			files = (
			);
		};
		45657BAE3040E89F0035E459 /* Resources */ = {
			isa = PBXResourcesBuildPhase;
			files = (
			);
		};
		45D6F3763040E934007567F3 /* Resources */ = {
			isa = PBXResourcesBuildPhase;
			files = (
			);
		};
/* End PBXResourcesBuildPhase section */

/* Begin PBXSourcesBuildPhase section */
		45657B8B3040E89F0035E459 /* Sources */ = {
			isa = PBXSourcesBuildPhase;
			files = (
			);
		};
		45657B9C3040E89F0035E459 /* Sources */ = {
			isa = PBXSourcesBuildPhase;
			files = (
			);
		};
		45657BAC3040E89F0035E459 /* Sources */ = {
			isa = PBXSourcesBuildPhase;
			files = (
			);
		};
		45D6F3743040E934007567F3 /* Sources */ = {
			isa = PBXSourcesBuildPhase;
			files = (
			);
		};
/* End PBXSourcesBuildPhase section */

/* Begin PBXTargetDependency section */
		45D6F37D3040E934007567F3 /* PBXTargetDependency */ = {
			isa = PBXTargetDependency;
			target = 45657BAF3040E89F0035E459 /* Wasteland Survivors macOS */;
			targetProxy = 45D6F37C3040E934007567F3 /* PBXContainerItemProxy */;
		};
/* End PBXTargetDependency section */

/* Begin XCBuildConfiguration section */
		45657BC73040E89F0035E459 /* Debug configuration for PBXNativeTarget "Wasteland Survivors iOS" */ = {
			isa = XCBuildConfiguration;
			buildSettings = {
				ASSETCATALOG_COMPILER_APPICON_NAME = AppIcon;
				ASSETCATALOG_COMPILER_GLOBAL_ACCENT_COLOR_NAME = AccentColor;
				CODE_SIGN_STYLE = Automatic;
				CURRENT_PROJECT_VERSION = 5;
				DEVELOPMENT_TEAM = A5EKHJ2X2S;
				ENABLE_APP_SANDBOX = YES;
				ENABLE_HARDENED_RUNTIME = YES;
				ENABLE_OUTGOING_NETWORK_CONNECTIONS = YES;
				GENERATE_INFOPLIST_FILE = YES;
				INFOPLIST_FILE = "Wasteland Survivors iOS/Info.plist";
				INFOPLIST_KEY_NSLocalNetworkUsageDescription = "Wasteland Survivors uses your local network to find and connect nearby players.";
				INFOPLIST_KEY_UIApplicationSupportsIndirectInputEvents = YES;
				INFOPLIST_KEY_UIMainStoryboardFile = Main;
				INFOPLIST_KEY_UIStatusBarHidden = YES;
				INFOPLIST_KEY_UISupportedInterfaceOrientations_iPad = "UIInterfaceOrientationPortrait UIInterfaceOrientationPortraitUpsideDown UIInterfaceOrientationLandscapeLeft UIInterfaceOrientationLandscapeRight";
				INFOPLIST_KEY_UISupportedInterfaceOrientations_iPhone = "UIInterfaceOrientationPortrait UIInterfaceOrientationLandscapeLeft UIInterfaceOrientationLandscapeRight";
				IPHONEOS_DEPLOYMENT_TARGET = 18.6;
				LD_RUNPATH_SEARCH_PATHS = (
					"$(inherited)",
					"@executable_path/Frameworks",
				);
				MACOSX_DEPLOYMENT_TARGET = 15.6;
				MARKETING_VERSION = 1.7.0;
				PRODUCT_BUNDLE_IDENTIFIER = "vahidgr.Wasteland-Survivors";
				PRODUCT_NAME = "Wasteland Survivors";
				REGISTER_APP_GROUPS = YES;
				SDKROOT = iphoneos;
				STRING_CATALOG_GENERATE_SYMBOLS = YES;
				SUPPORTED_PLATFORMS = "iphoneos iphonesimulator";
				SUPPORTS_MACCATALYST = NO;
				SUPPORTS_MAC_DESIGNED_FOR_IPHONE_IPAD = NO;
				SUPPORTS_XR_DESIGNED_FOR_IPHONE_IPAD = NO;
				SWIFT_APPROACHABLE_CONCURRENCY = YES;
				SWIFT_DEFAULT_ACTOR_ISOLATION = MainActor;
				SWIFT_EMIT_LOC_STRINGS = YES;
				SWIFT_UPCOMING_FEATURE_MEMBER_IMPORT_VISIBILITY = YES;
				SWIFT_VERSION = 5.0;
				TARGETED_DEVICE_FAMILY = "1,2";
			};
			name = Debug;
		};
		45657BC83040E89F0035E459 /* Release configuration for PBXNativeTarget "Wasteland Survivors iOS" */ = {
			isa = XCBuildConfiguration;
			buildSettings = {
				ASSETCATALOG_COMPILER_APPICON_NAME = AppIcon;
				ASSETCATALOG_COMPILER_GLOBAL_ACCENT_COLOR_NAME = AccentColor;
				CODE_SIGN_STYLE = Automatic;
				CURRENT_PROJECT_VERSION = 5;
				DEVELOPMENT_TEAM = A5EKHJ2X2S;
				GENERATE_INFOPLIST_FILE = YES;
				INFOPLIST_FILE = "Wasteland Survivors iOS/Info.plist";
				INFOPLIST_KEY_NSLocalNetworkUsageDescription = "Wasteland Survivors uses your local network to find and connect nearby players.";
				INFOPLIST_KEY_UIApplicationSupportsIndirectInputEvents = YES;
				INFOPLIST_KEY_UIMainStoryboardFile = Main;
				INFOPLIST_KEY_UIStatusBarHidden = YES;
				INFOPLIST_KEY_UISupportedInterfaceOrientations_iPad = "UIInterfaceOrientationPortrait UIInterfaceOrientationPortraitUpsideDown UIInterfaceOrientationLandscapeLeft UIInterfaceOrientationLandscapeRight";
				INFOPLIST_KEY_UISupportedInterfaceOrientations_iPhone = "UIInterfaceOrientationPortrait UIInterfaceOrientationLandscapeLeft UIInterfaceOrientationLandscapeRight";
				IPHONEOS_DEPLOYMENT_TARGET = 18.6;
				LD_RUNPATH_SEARCH_PATHS = (
					"$(inherited)",
					"@executable_path/Frameworks",
				);
				MACOSX_DEPLOYMENT_TARGET = 15.6;
				MARKETING_VERSION = 1.7.0;
				PRODUCT_BUNDLE_IDENTIFIER = "vahidgr.Wasteland-Survivors";
				PRODUCT_NAME = "Wasteland Survivors";
				SDKROOT = iphoneos;
				STRING_CATALOG_GENERATE_SYMBOLS = YES;
				SUPPORTED_PLATFORMS = "iphoneos iphonesimulator";
				SUPPORTS_MACCATALYST = NO;
				SUPPORTS_MAC_DESIGNED_FOR_IPHONE_IPAD = NO;
				SUPPORTS_XR_DESIGNED_FOR_IPHONE_IPAD = NO;
				SWIFT_APPROACHABLE_CONCURRENCY = YES;
				SWIFT_DEFAULT_ACTOR_ISOLATION = MainActor;
				SWIFT_EMIT_LOC_STRINGS = YES;
				SWIFT_UPCOMING_FEATURE_MEMBER_IMPORT_VISIBILITY = YES;
				SWIFT_VERSION = 5.0;
				TARGETED_DEVICE_FAMILY = "1,2";
				VALIDATE_PRODUCT = YES;
			};
			name = Release;
		};
		45657BCC3040E89F0035E459 /* Debug configuration for PBXNativeTarget "Wasteland Survivors tvOS" */ = {
			isa = XCBuildConfiguration;
			buildSettings = {
				ASSETCATALOG_COMPILER_APPICON_NAME = "tvOS App Icon & Top Shelf Image";
				ASSETCATALOG_COMPILER_GLOBAL_ACCENT_COLOR_NAME = AccentColor;
				CODE_SIGN_STYLE = Automatic;
				CURRENT_PROJECT_VERSION = 5;
				DEVELOPMENT_TEAM = A5EKHJ2X2S;
				GENERATE_INFOPLIST_FILE = YES;
				INFOPLIST_FILE = "Wasteland Survivors tvOS/Info.plist";
				INFOPLIST_KEY_NSLocalNetworkUsageDescription = "Wasteland Survivors uses your local network to find and connect nearby players.";
				INFOPLIST_KEY_UILaunchStoryboardName = LaunchScreen;
				INFOPLIST_KEY_UIMainStoryboardFile = Main;
				INFOPLIST_KEY_UIUserInterfaceStyle = Automatic;
				LD_RUNPATH_SEARCH_PATHS = (
					"$(inherited)",
					"@executable_path/Frameworks",
				);
				MARKETING_VERSION = 1.7.0;
				PRODUCT_BUNDLE_IDENTIFIER = "vahidgr.Wasteland-Survivors";
				PRODUCT_NAME = "Wasteland Survivors";
				SDKROOT = appletvos;
				STRING_CATALOG_GENERATE_SYMBOLS = YES;
				SWIFT_APPROACHABLE_CONCURRENCY = YES;
				SWIFT_DEFAULT_ACTOR_ISOLATION = MainActor;
				SWIFT_EMIT_LOC_STRINGS = YES;
				SWIFT_UPCOMING_FEATURE_MEMBER_IMPORT_VISIBILITY = YES;
				SWIFT_VERSION = 5.0;
				TARGETED_DEVICE_FAMILY = 3;
				TVOS_DEPLOYMENT_TARGET = 18.6;
			};
			name = Debug;
		};
		45657BCD3040E89F0035E459 /* Release configuration for PBXNativeTarget "Wasteland Survivors tvOS" */ = {
			isa = XCBuildConfiguration;
			buildSettings = {
				ASSETCATALOG_COMPILER_APPICON_NAME = "tvOS App Icon & Top Shelf Image";
				ASSETCATALOG_COMPILER_GLOBAL_ACCENT_COLOR_NAME = AccentColor;
				CODE_SIGN_STYLE = Automatic;
				CURRENT_PROJECT_VERSION = 5;
				DEVELOPMENT_TEAM = A5EKHJ2X2S;
				GENERATE_INFOPLIST_FILE = YES;
				INFOPLIST_FILE = "Wasteland Survivors tvOS/Info.plist";
				INFOPLIST_KEY_NSLocalNetworkUsageDescription = "Wasteland Survivors uses your local network to find and connect nearby players.";
				INFOPLIST_KEY_UILaunchStoryboardName = LaunchScreen;
				INFOPLIST_KEY_UIMainStoryboardFile = Main;
				INFOPLIST_KEY_UIUserInterfaceStyle = Automatic;
				LD_RUNPATH_SEARCH_PATHS = (
					"$(inherited)",
					"@executable_path/Frameworks",
				);
				MARKETING_VERSION = 1.7.0;
				PRODUCT_BUNDLE_IDENTIFIER = "vahidgr.Wasteland-Survivors";
				PRODUCT_NAME = "Wasteland Survivors";
				SDKROOT = appletvos;
				STRING_CATALOG_GENERATE_SYMBOLS = YES;
				SWIFT_APPROACHABLE_CONCURRENCY = YES;
				SWIFT_DEFAULT_ACTOR_ISOLATION = MainActor;
				SWIFT_EMIT_LOC_STRINGS = YES;
				SWIFT_UPCOMING_FEATURE_MEMBER_IMPORT_VISIBILITY = YES;
				SWIFT_VERSION = 5.0;
				TARGETED_DEVICE_FAMILY = 3;
				TVOS_DEPLOYMENT_TARGET = 18.6;
				VALIDATE_PRODUCT = YES;
			};
			name = Release;
		};
		45657BD13040E89F0035E459 /* Debug configuration for PBXNativeTarget "Wasteland Survivors macOS" */ = {
			isa = XCBuildConfiguration;
			buildSettings = {
				ASSETCATALOG_COMPILER_APPICON_NAME = AppIcon;
				ASSETCATALOG_COMPILER_GLOBAL_ACCENT_COLOR_NAME = AccentColor;
				CODE_SIGN_STYLE = Automatic;
				COMBINE_HIDPI_IMAGES = YES;
				CURRENT_PROJECT_VERSION = 5;
				DEVELOPMENT_TEAM = A5EKHJ2X2S;
				ENABLE_APP_SANDBOX = YES;
				ENABLE_HARDENED_RUNTIME = YES;
				ENABLE_INCOMING_NETWORK_CONNECTIONS = YES;
				ENABLE_OUTGOING_NETWORK_CONNECTIONS = YES;
				ENABLE_RESOURCE_ACCESS_AUDIO_INPUT = NO;
				ENABLE_RESOURCE_ACCESS_BLUETOOTH = NO;
				ENABLE_RESOURCE_ACCESS_CALENDARS = NO;
				ENABLE_RESOURCE_ACCESS_CAMERA = NO;
				ENABLE_RESOURCE_ACCESS_CONTACTS = NO;
				ENABLE_RESOURCE_ACCESS_LOCATION = NO;
				ENABLE_RESOURCE_ACCESS_PRINTING = NO;
				ENABLE_RESOURCE_ACCESS_USB = NO;
				ENABLE_USER_SELECTED_FILES = readonly;
				GENERATE_INFOPLIST_FILE = YES;
				INFOPLIST_FILE = "Wasteland-Survivors-macOS-Info.plist";
				INFOPLIST_KEY_NSHumanReadableCopyright = "";
				INFOPLIST_KEY_NSLocalNetworkUsageDescription = "Wasteland Survivors uses your local network to find and connect nearby players.";
				INFOPLIST_KEY_NSMainStoryboardFile = Main;
				INFOPLIST_KEY_NSPrincipalClass = NSApplication;
				LD_RUNPATH_SEARCH_PATHS = (
					"$(inherited)",
					"@executable_path/../Frameworks",
				);
				MACOSX_DEPLOYMENT_TARGET = 15.6;
				MARKETING_VERSION = 1.7.0;
				PRODUCT_BUNDLE_IDENTIFIER = "vahidgr.Wasteland-Survivors";
				PRODUCT_NAME = "Wasteland Survivors";
				REGISTER_APP_GROUPS = YES;
				SDKROOT = macosx;
				STRING_CATALOG_GENERATE_SYMBOLS = YES;
				SWIFT_APPROACHABLE_CONCURRENCY = YES;
				SWIFT_DEFAULT_ACTOR_ISOLATION = MainActor;
				SWIFT_EMIT_LOC_STRINGS = YES;
				SWIFT_UPCOMING_FEATURE_MEMBER_IMPORT_VISIBILITY = YES;
				SWIFT_VERSION = 5.0;
			};
			name = Debug;
		};
		45657BD23040E89F0035E459 /* Release configuration for PBXNativeTarget "Wasteland Survivors macOS" */ = {
			isa = XCBuildConfiguration;
			buildSettings = {
				ASSETCATALOG_COMPILER_APPICON_NAME = AppIcon;
				ASSETCATALOG_COMPILER_GLOBAL_ACCENT_COLOR_NAME = AccentColor;
				CODE_SIGN_STYLE = Automatic;
				COMBINE_HIDPI_IMAGES = YES;
				CURRENT_PROJECT_VERSION = 5;
				DEVELOPMENT_TEAM = A5EKHJ2X2S;
				ENABLE_APP_SANDBOX = YES;
				ENABLE_HARDENED_RUNTIME = YES;
				ENABLE_INCOMING_NETWORK_CONNECTIONS = YES;
				ENABLE_OUTGOING_NETWORK_CONNECTIONS = YES;
				ENABLE_RESOURCE_ACCESS_AUDIO_INPUT = NO;
				ENABLE_RESOURCE_ACCESS_BLUETOOTH = NO;
				ENABLE_RESOURCE_ACCESS_CALENDARS = NO;
				ENABLE_RESOURCE_ACCESS_CAMERA = NO;
				ENABLE_RESOURCE_ACCESS_CONTACTS = NO;
				ENABLE_RESOURCE_ACCESS_LOCATION = NO;
				ENABLE_RESOURCE_ACCESS_PRINTING = NO;
				ENABLE_RESOURCE_ACCESS_USB = NO;
				ENABLE_USER_SELECTED_FILES = readonly;
				GENERATE_INFOPLIST_FILE = YES;
				INFOPLIST_FILE = "Wasteland-Survivors-macOS-Info.plist";
				INFOPLIST_KEY_NSHumanReadableCopyright = "";
				INFOPLIST_KEY_NSLocalNetworkUsageDescription = "Wasteland Survivors uses your local network to find and connect nearby players.";
				INFOPLIST_KEY_NSMainStoryboardFile = Main;
				INFOPLIST_KEY_NSPrincipalClass = NSApplication;
				LD_RUNPATH_SEARCH_PATHS = (
					"$(inherited)",
					"@executable_path/../Frameworks",
				);
				MACOSX_DEPLOYMENT_TARGET = 15.6;
				MARKETING_VERSION = 1.7.0;
				PRODUCT_BUNDLE_IDENTIFIER = "vahidgr.Wasteland-Survivors";
				PRODUCT_NAME = "Wasteland Survivors";
				REGISTER_APP_GROUPS = YES;
				SDKROOT = macosx;
				STRING_CATALOG_GENERATE_SYMBOLS = YES;
				SWIFT_APPROACHABLE_CONCURRENCY = YES;
				SWIFT_DEFAULT_ACTOR_ISOLATION = MainActor;
				SWIFT_EMIT_LOC_STRINGS = YES;
				SWIFT_UPCOMING_FEATURE_MEMBER_IMPORT_VISIBILITY = YES;
				SWIFT_VERSION = 5.0;
			};
			name = Release;
		};
		45657BD33040E89F0035E459 /* Debug configuration for PBXProject "Wasteland Survivors" */ = {
			isa = XCBuildConfiguration;
			buildSettings = {
				ALWAYS_SEARCH_USER_PATHS = NO;
				ASSETCATALOG_COMPILER_GENERATE_SWIFT_ASSET_SYMBOL_EXTENSIONS = YES;
				CLANG_ANALYZER_NONNULL = YES;
				CLANG_ANALYZER_NUMBER_OBJECT_CONVERSION = YES_AGGRESSIVE;
				CLANG_CXX_LANGUAGE_STANDARD = "gnu++20";
				CLANG_ENABLE_MODULES = YES;
				CLANG_ENABLE_OBJC_ARC = YES;
				CLANG_ENABLE_OBJC_WEAK = YES;
				CLANG_WARN_BLOCK_CAPTURE_AUTORELEASING = YES;
				CLANG_WARN_BOOL_CONVERSION = YES;
				CLANG_WARN_COMMA = YES;
				CLANG_WARN_CONSTANT_CONVERSION = YES;
				CLANG_WARN_DEPRECATED_OBJC_IMPLEMENTATIONS = YES;
				CLANG_WARN_DIRECT_OBJC_ISA_USAGE = YES_ERROR;
				CLANG_WARN_DOCUMENTATION_COMMENTS = YES;
				CLANG_WARN_EMPTY_BODY = YES;
				CLANG_WARN_ENUM_CONVERSION = YES;
				CLANG_WARN_INFINITE_RECURSION = YES;
				CLANG_WARN_INT_CONVERSION = YES;
				CLANG_WARN_NON_LITERAL_NULL_CONVERSION = YES;
				CLANG_WARN_OBJC_IMPLICIT_RETAIN_SELF = YES;
				CLANG_WARN_OBJC_LITERAL_CONVERSION = YES;
				CLANG_WARN_OBJC_ROOT_CLASS = YES_ERROR;
				CLANG_WARN_QUOTED_INCLUDE_IN_FRAMEWORK_HEADER = YES;
				CLANG_WARN_RANGE_LOOP_ANALYSIS = YES;
				CLANG_WARN_STRICT_PROTOTYPES = YES;
				CLANG_WARN_SUSPICIOUS_MOVE = YES;
				CLANG_WARN_UNGUARDED_AVAILABILITY = YES_AGGRESSIVE;
				CLANG_WARN_UNREACHABLE_CODE = YES;
				CLANG_WARN__DUPLICATE_METHOD_MATCH = YES;
				COPY_PHASE_STRIP = NO;
				DEBUG_INFORMATION_FORMAT = dwarf;
				DEVELOPMENT_TEAM = A5EKHJ2X2S;
				ENABLE_STRICT_OBJC_MSGSEND = YES;
				ENABLE_TESTABILITY = YES;
				ENABLE_USER_SCRIPT_SANDBOXING = YES;
				GCC_C_LANGUAGE_STANDARD = gnu17;
				GCC_DYNAMIC_NO_PIC = NO;
				GCC_NO_COMMON_BLOCKS = YES;
				GCC_OPTIMIZATION_LEVEL = 0;
				GCC_PREPROCESSOR_DEFINITIONS = (
					"DEBUG=1",
					"$(inherited)",
				);
				GCC_WARN_64_TO_32_BIT_CONVERSION = YES;
				GCC_WARN_ABOUT_RETURN_TYPE = YES_ERROR;
				GCC_WARN_UNDECLARED_SELECTOR = YES;
				GCC_WARN_UNINITIALIZED_AUTOS = YES_AGGRESSIVE;
				GCC_WARN_UNUSED_FUNCTION = YES;
				GCC_WARN_UNUSED_VARIABLE = YES;
				LOCALIZATION_PREFERS_STRING_CATALOGS = YES;
				MTL_ENABLE_DEBUG_INFO = INCLUDE_SOURCE;
				MTL_FAST_MATH = YES;
				ONLY_ACTIVE_ARCH = YES;
				SWIFT_ACTIVE_COMPILATION_CONDITIONS = "DEBUG $(inherited)";
				SWIFT_OPTIMIZATION_LEVEL = "-Onone";
			};
			name = Debug;
		};
		45657BD43040E89F0035E459 /* Release configuration for PBXProject "Wasteland Survivors" */ = {
			isa = XCBuildConfiguration;
			buildSettings = {
				ALWAYS_SEARCH_USER_PATHS = NO;
				ASSETCATALOG_COMPILER_GENERATE_SWIFT_ASSET_SYMBOL_EXTENSIONS = YES;
				CLANG_ANALYZER_NONNULL = YES;
				CLANG_ANALYZER_NUMBER_OBJECT_CONVERSION = YES_AGGRESSIVE;
				CLANG_CXX_LANGUAGE_STANDARD = "gnu++20";
				CLANG_ENABLE_MODULES = YES;
				CLANG_ENABLE_OBJC_ARC = YES;
				CLANG_ENABLE_OBJC_WEAK = YES;
				CLANG_WARN_BLOCK_CAPTURE_AUTORELEASING = YES;
				CLANG_WARN_BOOL_CONVERSION = YES;
				CLANG_WARN_COMMA = YES;
				CLANG_WARN_CONSTANT_CONVERSION = YES;
				CLANG_WARN_DEPRECATED_OBJC_IMPLEMENTATIONS = YES;
				CLANG_WARN_DIRECT_OBJC_ISA_USAGE = YES_ERROR;
				CLANG_WARN_DOCUMENTATION_COMMENTS = YES;
				CLANG_WARN_EMPTY_BODY = YES;
				CLANG_WARN_ENUM_CONVERSION = YES;
				CLANG_WARN_INFINITE_RECURSION = YES;
				CLANG_WARN_INT_CONVERSION = YES;
				CLANG_WARN_NON_LITERAL_NULL_CONVERSION = YES;
				CLANG_WARN_OBJC_IMPLICIT_RETAIN_SELF = YES;
				CLANG_WARN_OBJC_LITERAL_CONVERSION = YES;
				CLANG_WARN_OBJC_ROOT_CLASS = YES_ERROR;
				CLANG_WARN_QUOTED_INCLUDE_IN_FRAMEWORK_HEADER = YES;
				CLANG_WARN_RANGE_LOOP_ANALYSIS = YES;
				CLANG_WARN_STRICT_PROTOTYPES = YES;
				CLANG_WARN_SUSPICIOUS_MOVE = YES;
				CLANG_WARN_UNGUARDED_AVAILABILITY = YES_AGGRESSIVE;
				CLANG_WARN_UNREACHABLE_CODE = YES;
				CLANG_WARN__DUPLICATE_METHOD_MATCH = YES;
				COPY_PHASE_STRIP = NO;
				DEBUG_INFORMATION_FORMAT = "dwarf-with-dsym";
				DEVELOPMENT_TEAM = A5EKHJ2X2S;
				ENABLE_NS_ASSERTIONS = NO;
				ENABLE_STRICT_OBJC_MSGSEND = YES;
				ENABLE_USER_SCRIPT_SANDBOXING = YES;
				GCC_C_LANGUAGE_STANDARD = gnu17;
				GCC_NO_COMMON_BLOCKS = YES;
				GCC_WARN_64_TO_32_BIT_CONVERSION = YES;
				GCC_WARN_ABOUT_RETURN_TYPE = YES_ERROR;
				GCC_WARN_UNDECLARED_SELECTOR = YES;
				GCC_WARN_UNINITIALIZED_AUTOS = YES_AGGRESSIVE;
				GCC_WARN_UNUSED_FUNCTION = YES;
				GCC_WARN_UNUSED_VARIABLE = YES;
				LOCALIZATION_PREFERS_STRING_CATALOGS = YES;
				MTL_ENABLE_DEBUG_INFO = NO;
				MTL_FAST_MATH = YES;
				SWIFT_COMPILATION_MODE = wholemodule;
			};
			name = Release;
		};
		45D6F37F3040E934007567F3 /* Debug configuration for PBXNativeTarget "Wasteland SurvivorsTests" */ = {
			isa = XCBuildConfiguration;
			buildSettings = {
				CODE_SIGN_STYLE = Automatic;
				CURRENT_PROJECT_VERSION = 5;
				DEVELOPMENT_TEAM = A5EKHJ2X2S;
				GENERATE_INFOPLIST_FILE = YES;
				IPHONEOS_DEPLOYMENT_TARGET = 18.6;
				MACOSX_DEPLOYMENT_TARGET = 15.6;
				MARKETING_VERSION = 1.7.0;
				PRODUCT_BUNDLE_IDENTIFIER = "vahidgr.Wasteland-SurvivorsTests";
				PRODUCT_NAME = "$(TARGET_NAME)";
				SDKROOT = auto;
				STRING_CATALOG_GENERATE_SYMBOLS = NO;
				SUPPORTED_PLATFORMS = "iphoneos iphonesimulator macosx xros xrsimulator";
				SWIFT_APPROACHABLE_CONCURRENCY = YES;
				SWIFT_EMIT_LOC_STRINGS = NO;
				SWIFT_UPCOMING_FEATURE_MEMBER_IMPORT_VISIBILITY = YES;
				SWIFT_VERSION = 5.0;
				TARGETED_DEVICE_FAMILY = "1,2,7";
				XROS_DEPLOYMENT_TARGET = 2.6;
			};
			name = Debug;
		};
		45D6F3803040E934007567F3 /* Release configuration for PBXNativeTarget "Wasteland SurvivorsTests" */ = {
			isa = XCBuildConfiguration;
			buildSettings = {
				CODE_SIGN_STYLE = Automatic;
				CURRENT_PROJECT_VERSION = 5;
				DEVELOPMENT_TEAM = A5EKHJ2X2S;
				GENERATE_INFOPLIST_FILE = YES;
				IPHONEOS_DEPLOYMENT_TARGET = 18.6;
				MACOSX_DEPLOYMENT_TARGET = 15.6;
				MARKETING_VERSION = 1.7.0;
				PRODUCT_BUNDLE_IDENTIFIER = "vahidgr.Wasteland-SurvivorsTests";
				PRODUCT_NAME = "$(TARGET_NAME)";
				SDKROOT = auto;
				STRING_CATALOG_GENERATE_SYMBOLS = NO;
				SUPPORTED_PLATFORMS = "iphoneos iphonesimulator macosx xros xrsimulator";
				SWIFT_APPROACHABLE_CONCURRENCY = YES;
				SWIFT_EMIT_LOC_STRINGS = NO;
				SWIFT_UPCOMING_FEATURE_MEMBER_IMPORT_VISIBILITY = YES;
				SWIFT_VERSION = 5.0;
				TARGETED_DEVICE_FAMILY = "1,2,7";
				XROS_DEPLOYMENT_TARGET = 2.6;
			};
			name = Release;
		};
/* End XCBuildConfiguration section */

/* Begin XCConfigurationList section */
		45657B853040E89E0035E459 /* Build configuration list for PBXProject "Wasteland Survivors" */ = {
			isa = XCConfigurationList;
			buildConfigurations = (
				45657BD33040E89F0035E459 /* Debug configuration for PBXProject "Wasteland Survivors" */,
				45657BD43040E89F0035E459 /* Release configuration for PBXProject "Wasteland Survivors" */,
			);
			defaultConfigurationName = Release;
		};
		45657BC63040E89F0035E459 /* Build configuration list for PBXNativeTarget "Wasteland Survivors iOS" */ = {
			isa = XCConfigurationList;
			buildConfigurations = (
				45657BC73040E89F0035E459 /* Debug configuration for PBXNativeTarget "Wasteland Survivors iOS" */,
				45657BC83040E89F0035E459 /* Release configuration for PBXNativeTarget "Wasteland Survivors iOS" */,
			);
			defaultConfigurationName = Release;
		};
		45657BCB3040E89F0035E459 /* Build configuration list for PBXNativeTarget "Wasteland Survivors tvOS" */ = {
			isa = XCConfigurationList;
			buildConfigurations = (
				45657BCC3040E89F0035E459 /* Debug configuration for PBXNativeTarget "Wasteland Survivors tvOS" */,
				45657BCD3040E89F0035E459 /* Release configuration for PBXNativeTarget "Wasteland Survivors tvOS" */,
			);
			defaultConfigurationName = Release;
		};
		45657BD03040E89F0035E459 /* Build configuration list for PBXNativeTarget "Wasteland Survivors macOS" */ = {
			isa = XCConfigurationList;
			buildConfigurations = (
				45657BD13040E89F0035E459 /* Debug configuration for PBXNativeTarget "Wasteland Survivors macOS" */,
				45657BD23040E89F0035E459 /* Release configuration for PBXNativeTarget "Wasteland Survivors macOS" */,
			);
			defaultConfigurationName = Release;
		};
		45D6F37E3040E934007567F3 /* Build configuration list for PBXNativeTarget "Wasteland SurvivorsTests" */ = {
			isa = XCConfigurationList;
			buildConfigurations = (
				45D6F37F3040E934007567F3 /* Debug configuration for PBXNativeTarget "Wasteland SurvivorsTests" */,
				45D6F3803040E934007567F3 /* Release configuration for PBXNativeTarget "Wasteland SurvivorsTests" */,
			);
			defaultConfigurationName = Release;
		};
/* End XCConfigurationList section */
	};
	rootObject = 45657B823040E89E0035E459 /* Project object */;
	validationLevel = 1;
}
